// !$*UTF8*$!
{
	archiveVersion = 1;
	classes = {
	};
	objectVersion = 50;
	objects = {

/* Begin PBXBuildFile section */
		E058661A27083A440066E306 /* AppDelegate.swift in Sources */ = {isa = PBXBuildFile; fileRef = E058661927083A440066E306 /* AppDelegate.swift */; };
		E058661C27083A440066E306 /* SceneDelegate.swift in Sources */ = {isa = PBXBuildFile; fileRef = E058661B27083A440066E306 /* SceneDelegate.swift */; };
		E058661E27083A440066E306 /* ViewController.swift in Sources */ = {isa = PBXBuildFile; fileRef = E058661D27083A440066E306 /* ViewController.swift */; };
		E058662127083A440066E306 /* Main.storyboard in Resources */ = {isa = PBXBuildFile; fileRef = E058661F27083A440066E306 /* Main.storyboard */; };
		E058662427083A440066E306 /* LifeHacks.xcdatamodeld in Sources */ = {isa = PBXBuildFile; fileRef = E058662227083A440066E306 /* LifeHacks.xcdatamodeld */; };
		E058662627083A460066E306 /* Assets.xcassets in Resources */ = {isa = PBXBuildFile; fileRef = E058662527083A460066E306 /* Assets.xcassets */; };
		E058662927083A460066E306 /* LaunchScreen.storyboard in Resources */ = {isa = PBXBuildFile; fileRef = E058662727083A460066E306 /* LaunchScreen.storyboard */; };
		E058663427083A460066E306 /* LifeHacksTests.swift in Sources */ = {isa = PBXBuildFile; fileRef = E058663327083A460066E306 /* LifeHacksTests.swift */; };
		E058663F27083A470066E306 /* LifeHacksUITests.swift in Sources */ = {isa = PBXBuildFile; fileRef = E058663E27083A470066E306 /* LifeHacksUITests.swift */; };
/* End PBXBuildFile section */

/* Begin PBXContainerItemProxy section */
		E058663027083A460066E306 /* PBXContainerItemProxy */ = {
			isa = PBXContainerItemProxy;
			containerPortal = E058660E27083A440066E306 /* Project object */;
			proxyType = 1;
			remoteGlobalIDString = E058661527083A440066E306;
			remoteInfo = LifeHacks;
		};
		E058663B27083A470066E306 /* PBXContainerItemProxy */ = {
			isa = PBXContainerItemProxy;
			containerPortal = E058660E27083A440066E306 /* Project object */;
			proxyType = 1;
			remoteGlobalIDString = E058661527083A440066E306;
			remoteInfo = LifeHacks;
		};
/* End PBXContainerItemProxy section */

/* Begin PBXFileReference section */
		E058661627083A440066E306 /* LifeHacks.app */ = {isa = PBXFileReference; explicitFileType = wrapper.application; includeInIndex = 0; path = LifeHacks.app; sourceTree = BUILT_PRODUCTS_DIR; };
		E058661927083A440066E306 /* AppDelegate.swift */ = {isa = PBXFileReference; lastKnownFileType = sourcecode.swift; path = AppDelegate.swift; sourceTree = "<group>"; };
		E058661B27083A440066E306 /* SceneDelegate.swift */ = {isa = PBXFileReference; lastKnownFileType = sourcecode.swift; path = SceneDelegate.swift; sourceTree = "<group>"; };
		E058661D27083A440066E306 /* ViewController.swift */ = {isa = PBXFileReference; lastKnownFileType = sourcecode.swift; path = ViewController.swift; sourceTree = "<group>"; };
		E058662027083A440066E306 /* Base */ = {isa = PBXFileReference; lastKnownFileType = file.storyboard; name = Base; path = Base.lproj/Main.storyboard; sourceTree = "<group>"; };
		E058662327083A440066E306 /* LifeHacks.xcdatamodel */ = {isa = PBXFileReference; lastKnownFileType = wrapper.xcdatamodel; path = LifeHacks.xcdatamodel; sourceTree = "<group>"; };
		E058662527083A460066E306 /* Assets.xcassets */ = {isa = PBXFileReference; lastKnownFileType = folder.assetcatalog; path = Assets.xcassets; sourceTree = "<group>"; };
		E058662827083A460066E306 /* Base */ = {isa = PBXFileReference; lastKnownFileType = file.storyboard; name = Base; path = Base.lproj/LaunchScreen.storyboard; sourceTree = "<group>"; };
		E058662A27083A460066E306 /* Info.plist */ = {isa = PBXFileReference; lastKnownFileType = text.plist.xml; path = Info.plist; sourceTree = "<group>"; };
		E058662F27083A460066E306 /* LifeHacksTests.xctest */ = {isa = PBXFileReference; explicitFileType = wrapper.cfbundle; includeInIndex = 0; path = LifeHacksTests.xctest; sourceTree = BUILT_PRODUCTS_DIR; };
		E058663327083A460066E306 /* LifeHacksTests.swift */ = {isa = PBXFileReference; lastKnownFileType = sourcecode.swift; path = LifeHacksTests.swift; sourceTree = "<group>"; };
		E058663527083A460066E306 /* Info.plist */ = {isa = PBXFileReference; lastKnownFileType = text.plist.xml; path = Info.plist; sourceTree = "<group>"; };
		E058663A27083A470066E306 /* LifeHacksUITests.xctest */ = {isa = PBXFileReference; explicitFileType = wrapper.cfbundle; includeInIndex = 0; path = LifeHacksUITests.xctest; sourceTree = BUILT_PRODUCTS_DIR; };
		E058663E27083A470066E306 /* LifeHacksUITests.swift */ = {isa = PBXFileReference; lastKnownFileType = sourcecode.swift; path = LifeHacksUITests.swift; sourceTree = "<group>"; };
		E058664027083A470066E306 /* Info.plist */ = {isa = PBXFileReference; lastKnownFileType = text.plist.xml; path = Info.plist; sourceTree = "<group>"; };
/* End PBXFileReference section */

/* Begin PBXFrameworksBuildPhase section */
		E058661327083A440066E306 /* Frameworks */ = {
			isa = PBXFrameworksBuildPhase;
			buildActionMask = 2147483647;
			files = (
			);
			runOnlyForDeploymentPostprocessing = 0;
		};
		E058662C27083A460066E306 /* Frameworks */ = {
			isa = PBXFrameworksBuildPhase;
			buildActionMask = 2147483647;
			files = (
			);
			runOnlyForDeploymentPostprocessing = 0;
		};
		E058663727083A470066E306 /* Frameworks */ = {
			isa = PBXFrameworksBuildPhase;
			buildActionMask = 2147483647;
			files = (
			);
			runOnlyForDeploymentPostprocessing = 0;
		};
/* End PBXFrameworksBuildPhase section */

/* Begin PBXGroup section */
		E058660D27083A440066E306 = {
			isa = PBXGroup;
			children = (
				E058661827083A440066E306 /* LifeHacks */,
				E058663227083A460066E306 /* LifeHacksTests */,
				E058663D27083A470066E306 /* LifeHacksUITests */,
				E058661727083A440066E306 /* Products */,
			);
			sourceTree = "<group>";
		};
		E058661727083A440066E306 /* Products */ = {
			isa = PBXGroup;
			children = (
				E058661627083A440066E306 /* LifeHacks.app */,
				E058662F27083A460066E306 /* LifeHacksTests.xctest */,
				E058663A27083A470066E306 /* LifeHacksUITests.xctest */,
			);
			name = Products;
			sourceTree = "<group>";
		};
		E058661827083A440066E306 /* LifeHacks */ = {
			isa = PBXGroup;
			children = (
				E058661927083A440066E306 /* AppDelegate.swift */,
				E058661B27083A440066E306 /* SceneDelegate.swift */,
				E058661D27083A440066E306 /* ViewController.swift */,
				E058661F27083A440066E306 /* Main.storyboard */,
				E058662527083A460066E306 /* Assets.xcassets */,
				E058662727083A460066E306 /* LaunchScreen.storyboard */,
				E058662A27083A460066E306 /* Info.plist */,
				E058662227083A440066E306 /* LifeHacks.xcdatamodeld */,
			);
			path = LifeHacks;
			sourceTree = "<group>";
		};
		E058663227083A460066E306 /* LifeHacksTests */ = {
			isa = PBXGroup;
			children = (
				E058663327083A460066E306 /* LifeHacksTests.swift */,
				E058663527083A460066E306 /* Info.plist */,
			);
			path = LifeHacksTests;
			sourceTree = "<group>";
		};
		E058663D27083A470066E306 /* LifeHacksUITests */ = {
			isa = PBXGroup;
			children = (
				E058663E27083A470066E306 /* LifeHacksUITests.swift */,
				E058664027083A470066E306 /* Info.plist */,
			);
			path = LifeHacksUITests;
			sourceTree = "<group>";
		};
/* End PBXGroup section */

/* Begin PBXNativeTarget section */
		E058661527083A440066E306 /* LifeHacks */ = {
			isa = PBXNativeTarget;
			buildConfigurationList = E058664327083A470066E306 /* Build configuration list for PBXNativeTarget "LifeHacks" */;
			buildPhases = (
				E058661227083A440066E306 /* Sources */,
				E058661327083A440066E306 /* Frameworks */,
				E058661427083A440066E306 /* Resources */,
			);
			buildRules = (
			);
			dependencies = (
			);
			name = LifeHacks;
			productName = LifeHacks;
			productReference = E058661627083A440066E306 /* LifeHacks.app */;
			productType = "com.apple.product-type.application";
		};
		E058662E27083A460066E306 /* LifeHacksTests */ = {
			isa = PBXNativeTarget;
			buildConfigurationList = E058664627083A470066E306 /* Build configuration list for PBXNativeTarget "LifeHacksTests" */;
			buildPhases = (
				E058662B27083A460066E306 /* Sources */,
				E058662C27083A460066E306 /* Frameworks */,
				E058662D27083A460066E306 /* Resources */,
			);
			buildRules = (
			);
			dependencies = (
				E058663127083A460066E306 /* PBXTargetDependency */,
			);
			name = LifeHacksTests;
			productName = LifeHacksTests;
			productReference = E058662F27083A460066E306 /* LifeHacksTests.xctest */;
			productType = "com.apple.product-type.bundle.unit-test";
		};
		E058663927083A470066E306 /* LifeHacksUITests */ = {
			isa = PBXNativeTarget;
			buildConfigurationList = E058664927083A470066E306 /* Build configuration list for PBXNativeTarget "LifeHacksUITests" */;
			buildPhases = (
				E058663627083A470066E306 /* Sources */,
				E058663727083A470066E306 /* Frameworks */,
				E058663827083A470066E306 /* Resources */,
			);
			buildRules = (
			);
			dependencies = (
				E058663C27083A470066E306 /* PBXTargetDependency */,
			);
			name = LifeHacksUITests;
			productName = LifeHacksUITests;
			productReference = E058663A27083A470066E306 /* LifeHacksUITests.xctest */;
			productType = "com.apple.product-type.bundle.ui-testing";
		};
/* End PBXNativeTarget section */

/* Begin PBXProject section */
		E058660E27083A440066E306 /* Project object */ = {
			isa = PBXProject;
			attributes = {
				LastSwiftUpdateCheck = 1240;
				LastUpgradeCheck = 1240;
				TargetAttributes = {
					E058661527083A440066E306 = {
						CreatedOnToolsVersion = 12.4;
					};
					E058662E27083A460066E306 = {
						CreatedOnToolsVersion = 12.4;
						TestTargetID = E058661527083A440066E306;
					};
					E058663927083A470066E306 = {
						CreatedOnToolsVersion = 12.4;
						TestTargetID = E058661527083A440066E306;
					};
				};
			};
			buildConfigurationList = E058661127083A440066E306 /* Build configuration list for PBXProject "LifeHacks" */;
			compatibilityVersion = "Xcode 9.3";
			developmentRegion = en;
			hasScannedForEncodings = 0;
			knownRegions = (
				en,
				Base,
			);
			mainGroup = E058660D27083A440066E306;
			productRefGroup = E058661727083A440066E306 /* Products */;
			projectDirPath = "";
			projectRoot = "";
			targets = (
				E058661527083A440066E306 /* LifeHacks */,
				E058662E27083A460066E306 /* LifeHacksTests */,
				E058663927083A470066E306 /* LifeHacksUITests */,
			);
		};
/* End PBXProject section */

/* Begin PBXResourcesBuildPhase section */
		E058661427083A440066E306 /* Resources */ = {
			isa = PBXResourcesBuildPhase;
			buildActionMask = 2147483647;
			files = (
				E058662927083A460066E306 /* LaunchScreen.storyboard in Resources */,
				E058662627083A460066E306 /* Assets.xcassets in Resources */,
				E058662127083A440066E306 /* Main.storyboard in Resources */,
			);
			runOnlyForDeploymentPostprocessing = 0;
		};
		E058662D27083A460066E306 /* Resources */ = {
			isa = PBXResourcesBuildPhase;
			buildActionMask = 2147483647;
			files = (
			);
			runOnlyForDeploymentPostprocessing = 0;
		};
		E058663827083A470066E306 /* Resources */ = {
			isa = PBXResourcesBuildPhase;
			buildActionMask = 2147483647;
			files = (
			);
			runOnlyForDeploymentPostprocessing = 0;
		};
/* End PBXResourcesBuildPhase section */

/* Begin PBXSourcesBuildPhase section */
		E058661227083A440066E306 /* Sources */ = {
			isa = PBXSourcesBuildPhase;
			buildActionMask = 2147483647;
			files = (
				E058662427083A440066E306 /* LifeHacks.xcdatamodeld in Sources */,
				E058661E27083A440066E306 /* ViewController.swift in Sources */,
				E058661A27083A440066E306 /* AppDelegate.swift in Sources */,
				E058661C27083A440066E306 /* SceneDelegate.swift in Sources */,
			);
			runOnlyForDeploymentPostprocessing = 0;
		};
		E058662B27083A460066E306 /* Sources */ = {
			isa = PBXSourcesBuildPhase;
			buildActionMask = 2147483647;
			files = (
				E058663427083A460066E306 /* LifeHacksTests.swift in Sources */,
			);
			runOnlyForDeploymentPostprocessing = 0;
		};
		E058663627083A470066E306 /* Sources */ = {
			isa = PBXSourcesBuildPhase;
			buildActionMask = 2147483647;
			files = (
				E058663F27083A470066E306 /* LifeHacksUITests.swift in Sources */,
			);
			runOnlyForDeploymentPostprocessing = 0;
		};
/* End PBXSourcesBuildPhase section */

/* Begin PBXTargetDependency section */
		E058663127083A460066E306 /* PBXTargetDependency */ = {
			isa = PBXTargetDependency;
			target = E058661527083A440066E306 /* LifeHacks */;
			targetProxy = E058663027083A460066E306 /* PBXContainerItemProxy */;
		};
		E058663C27083A470066E306 /* PBXTargetDependency */ = {
			isa = PBXTargetDependency;
			target = E058661527083A440066E306 /* LifeHacks */;
			targetProxy = E058663B27083A470066E306 /* PBXContainerItemProxy */;
		};
/* End PBXTargetDependency section */

/* Begin PBXVariantGroup section */
		E058661F27083A440066E306 /* Main.storyboard */ = {
			isa = PBXVariantGroup;
			children = (
				E058662027083A440066E306 /* Base */,
			);
			name = Main.storyboard;
			sourceTree = "<group>";
		};
		E058662727083A460066E306 /* LaunchScreen.storyboard */ = {
			isa = PBXVariantGroup;
			children = (
				E058662827083A460066E306 /* Base */,
			);
			name = LaunchScreen.storyboard;
			sourceTree = "<group>";
		};
/* End PBXVariantGroup section */

/* Begin XCBuildConfiguration section */
		E058664127083A470066E306 /* Debug */ = {
			isa = XCBuildConfiguration;
			buildSettings = {
				ALWAYS_SEARCH_USER_PATHS = NO;
				CLANG_ANALYZER_NONNULL = YES;
				CLANG_ANALYZER_NUMBER_OBJECT_CONVERSION = YES_AGGRESSIVE;
				CLANG_CXX_LANGUAGE_STANDARD = "gnu++14";
				CLANG_CXX_LIBRARY = "libc++";
				CLANG_ENABLE_MODULES = YES;
				CLANG_ENABLE_OBJC_ARC = YES;
				CLANG_ENABLE_OBJC_WEAK = YES;
				CLANG_WARN_BLOCK_CAPTURE_AUTORELEASING = YES;
				CLANG_WARN_BOOL_CONVERSION = YES;
				CLANG_WARN_COMMA = YES;
				CLANG_WARN_CONSTANT_CONVERSION = YES;
				CLANG_WARN_DEPRECATED_OBJC_IMPLEMENTATIONS = YES;
				CLANG_WARN_DIRECT_OBJC_ISA_USAGE = YES_ERROR;
				CLANG_WARN_DOCUMENTATION_COMMENTS = YES;
				CLANG_WARN_EMPTY_BODY = YES;
				CLANG_WARN_ENUM_CONVERSION = YES;
				CLANG_WARN_INFINITE_RECURSION = YES;
				CLANG_WARN_INT_CONVERSION = YES;
				CLANG_WARN_NON_LITERAL_NULL_CONVERSION = YES;
				CLANG_WARN_OBJC_IMPLICIT_RETAIN_SELF = YES;
				CLANG_WARN_OBJC_LITERAL_CONVERSION = YES;
				CLANG_WARN_OBJC_ROOT_CLASS = YES_ERROR;
				CLANG_WARN_QUOTED_INCLUDE_IN_FRAMEWORK_HEADER = YES;
				CLANG_WARN_RANGE_LOOP_ANALYSIS = YES;
				CLANG_WARN_STRICT_PROTOTYPES = YES;
				CLANG_WARN_SUSPICIOUS_MOVE = YES;
				CLANG_WARN_UNGUARDED_AVAILABILITY = YES_AGGRESSIVE;
				CLANG_WARN_UNREACHABLE_CODE = YES;
				CLANG_WARN__DUPLICATE_METHOD_MATCH = YES;
				COPY_PHASE_STRIP = NO;
				DEBUG_INFORMATION_FORMAT = dwarf;
				ENABLE_STRICT_OBJC_MSGSEND = YES;
				ENABLE_TESTABILITY = YES;
				GCC_C_LANGUAGE_STANDARD = gnu11;
				GCC_DYNAMIC_NO_PIC = NO;
				GCC_NO_COMMON_BLOCKS = YES;
				GCC_OPTIMIZATION_LEVEL = 0;
				GCC_PREPROCESSOR_DEFINITIONS = (
					"DEBUG=1",
					"$(inherited)",
				);
				GCC_WARN_64_TO_32_BIT_CONVERSION = YES;
				GCC_WARN_ABOUT_RETURN_TYPE = YES_ERROR;
				GCC_WARN_UNDECLARED_SELECTOR = YES;
				GCC_WARN_UNINITIALIZED_AUTOS = YES_AGGRESSIVE;
				GCC_WARN_UNUSED_FUNCTION = YES;
				GCC_WARN_UNUSED_VARIABLE = YES;
				IPHONEOS_DEPLOYMENT_TARGET = 14.4;
				MTL_ENABLE_DEBUG_INFO = INCLUDE_SOURCE;
				MTL_FAST_MATH = YES;
				ONLY_ACTIVE_ARCH = YES;
				SDKROOT = iphoneos;
				SWIFT_ACTIVE_COMPILATION_CONDITIONS = DEBUG;
				SWIFT_OPTIMIZATION_LEVEL = "-Onone";
			};
			name = Debug;
		};
		E058664227083A470066E306 /* Release */ = {
			isa = XCBuildConfiguration;
			buildSettings = {
				ALWAYS_SEARCH_USER_PATHS = NO;
				CLANG_ANALYZER_NONNULL = YES;
				CLANG_ANALYZER_NUMBER_OBJECT_CONVERSION = YES_AGGRESSIVE;
				CLANG_CXX_LANGUAGE_STANDARD = "gnu++14";
				CLANG_CXX_LIBRARY = "libc++";
				CLANG_ENABLE_MODULES = YES;
				CLANG_ENABLE_OBJC_ARC = YES;
				CLANG_ENABLE_OBJC_WEAK = YES;
				CLANG_WARN_BLOCK_CAPTURE_AUTORELEASING = YES;
				CLANG_WARN_BOOL_CONVERSION = YES;
				CLANG_WARN_COMMA = YES;
				CLANG_WARN_CONSTANT_CONVERSION = YES;
				CLANG_WARN_DEPRECATED_OBJC_IMPLEMENTATIONS = YES;
				CLANG_WARN_DIRECT_OBJC_ISA_USAGE = YES_ERROR;
				CLANG_WARN_DOCUMENTATION_COMMENTS = YES;
				CLANG_WARN_EMPTY_BODY = YES;
				CLANG_WARN_ENUM_CONVERSION = YES;
				CLANG_WARN_INFINITE_RECURSION = YES;
				CLANG_WARN_INT_CONVERSION = YES;
				CLANG_WARN_NON_LITERAL_NULL_CONVERSION = YES;
				CLANG_WARN_OBJC_IMPLICIT_RETAIN_SELF = YES;
				CLANG_WARN_OBJC_LITERAL_CONVERSION = YES;
				CLANG_WARN_OBJC_ROOT_CLASS = YES_ERROR;
				CLANG_WARN_QUOTED_INCLUDE_IN_FRAMEWORK_HEADER = YES;
				CLANG_WARN_RANGE_LOOP_ANALYSIS = YES;
				CLANG_WARN_STRICT_PROTOTYPES = YES;
				CLANG_WARN_SUSPICIOUS_MOVE = YES;
				CLANG_WARN_UNGUARDED_AVAILABILITY = YES_AGGRESSIVE;
				CLANG_WARN_UNREACHABLE_CODE = YES;
				CLANG_WARN__DUPLICATE_METHOD_MATCH = YES;
				COPY_PHASE_STRIP = NO;
				DEBUG_INFORMATION_FORMAT = "dwarf-with-dsym";
				ENABLE_NS_ASSERTIONS = NO;
				ENABLE_STRICT_OBJC_MSGSEND = YES;
				GCC_C_LANGUAGE_STANDARD = gnu11;
				GCC_NO_COMMON_BLOCKS = YES;
				GCC_WARN_64_TO_32_BIT_CONVERSION = YES;
				GCC_WARN_ABOUT_RETURN_TYPE = YES_ERROR;
				GCC_WARN_UNDECLARED_SELECTOR = YES;
				GCC_WARN_UNINITIALIZED_AUTOS = YES_AGGRESSIVE;
				GCC_WARN_UNUSED_FUNCTION = YES;
				GCC_WARN_UNUSED_VARIABLE = YES;
				IPHONEOS_DEPLOYMENT_TARGET = 14.4;
				MTL_ENABLE_DEBUG_INFO = NO;
				MTL_FAST_MATH = YES;
				SDKROOT = iphoneos;
				SWIFT_COMPILATION_MODE = wholemodule;
				SWIFT_OPTIMIZATION_LEVEL = "-O";
				VALIDATE_PRODUCT = YES;
			};
			name = Release;
		};
		E058664427083A470066E306 /* Debug */ = {
			isa = XCBuildConfiguration;
			buildSettings = {
				ASSETCATALOG_COMPILER_APPICON_NAME = AppIcon;
				ASSETCATALOG_COMPILER_GLOBAL_ACCENT_COLOR_NAME = AccentColor;
				CODE_SIGN_STYLE = Automatic;
				DEVELOPMENT_TEAM = FMD4TVA7FN;
				INFOPLIST_FILE = LifeHacks/Info.plist;
				LD_RUNPATH_SEARCH_PATHS = (
					"$(inherited)",
					"@executable_path/Frameworks",
				);
				PRODUCT_BUNDLE_IDENTIFIER = webdoc.LifeHacks;
				PRODUCT_NAME = "$(TARGET_NAME)";
				SWIFT_VERSION = 5.0;
				TARGETED_DEVICE_FAMILY = "1,2";
			};
			name = Debug;
		};
		E058664527083A470066E306 /* Release */ = {
			isa = XCBuildConfiguration;
			buildSettings = {
				ASSETCATALOG_COMPILER_APPICON_NAME = AppIcon;
				ASSETCATALOG_COMPILER_GLOBAL_ACCENT_COLOR_NAME = AccentColor;
				CODE_SIGN_STYLE = Automatic;
				DEVELOPMENT_TEAM = FMD4TVA7FN;
				INFOPLIST_FILE = LifeHacks/Info.plist;
				LD_RUNPATH_SEARCH_PATHS = (
					"$(inherited)",
					"@executable_path/Frameworks",
				);
				PRODUCT_BUNDLE_IDENTIFIER = webdoc.LifeHacks;
				PRODUCT_NAME = "$(TARGET_NAME)";
				SWIFT_VERSION = 5.0;
				TARGETED_DEVICE_FAMILY = "1,2";
			};
			name = Release;
		};
		E058664727083A470066E306 /* Debug */ = {
			isa = XCBuildConfiguration;
			buildSettings = {
				ALWAYS_EMBED_SWIFT_STANDARD_LIBRARIES = YES;
				BUNDLE_LOADER = "$(TEST_HOST)";
				CODE_SIGN_STYLE = Automatic;
				DEVELOPMENT_TEAM = FMD4TVA7FN;
				INFOPLIST_FILE = LifeHacksTests/Info.plist;
				IPHONEOS_DEPLOYMENT_TARGET = 14.4;
				LD_RUNPATH_SEARCH_PATHS = (
					"$(inherited)",
					"@executable_path/Frameworks",
					"@loader_path/Frameworks",
				);
				PRODUCT_BUNDLE_IDENTIFIER = webdoc.LifeHacksTests;
				PRODUCT_NAME = "$(TARGET_NAME)";
				SWIFT_VERSION = 5.0;
				TARGETED_DEVICE_FAMILY = "1,2";
				TEST_HOST = "$(BUILT_PRODUCTS_DIR)/LifeHacks.app/LifeHacks";
			};
			name = Debug;
		};
		E058664827083A470066E306 /* Release */ = {
			isa = XCBuildConfiguration;
			buildSettings = {
				ALWAYS_EMBED_SWIFT_STANDARD_LIBRARIES = YES;
				BUNDLE_LOADER = "$(TEST_HOST)";
				CODE_SIGN_STYLE = Automatic;
				DEVELOPMENT_TEAM = FMD4TVA7FN;
				INFOPLIST_FILE = LifeHacksTests/Info.plist;
				IPHONEOS_DEPLOYMENT_TARGET = 14.4;
				LD_RUNPATH_SEARCH_PATHS = (
					"$(inherited)",
					"@executable_path/Frameworks",
					"@loader_path/Frameworks",
				);
				PRODUCT_BUNDLE_IDENTIFIER = webdoc.LifeHacksTests;
				PRODUCT_NAME = "$(TARGET_NAME)";
				SWIFT_VERSION = 5.0;
				TARGETED_DEVICE_FAMILY = "1,2";
				TEST_HOST = "$(BUILT_PRODUCTS_DIR)/LifeHacks.app/LifeHacks";
			};
			name = Release;
		};
		E058664A27083A470066E306 /* Debug */ = {
			isa = XCBuildConfiguration;
			buildSettings = {
				ALWAYS_EMBED_SWIFT_STANDARD_LIBRARIES = YES;
				CODE_SIGN_STYLE = Automatic;
				DEVELOPMENT_TEAM = FMD4TVA7FN;
				INFOPLIST_FILE = LifeHacksUITests/Info.plist;
				LD_RUNPATH_SEARCH_PATHS = (
					"$(inherited)",
					"@executable_path/Frameworks",
					"@loader_path/Frameworks",
				);
				PRODUCT_BUNDLE_IDENTIFIER = webdoc.LifeHacksUITests;
				PRODUCT_NAME = "$(TARGET_NAME)";
				SWIFT_VERSION = 5.0;
				TARGETED_DEVICE_FAMILY = "1,2";
				TEST_TARGET_NAME = LifeHacks;
			};
			name = Debug;
		};
		E058664B27083A470066E306 /* Release */ = {
			isa = XCBuildConfiguration;
			buildSettings = {
				ALWAYS_EMBED_SWIFT_STANDARD_LIBRARIES = YES;
				CODE_SIGN_STYLE = Automatic;
				DEVELOPMENT_TEAM = FMD4TVA7FN;
				INFOPLIST_FILE = LifeHacksUITests/Info.plist;
				LD_RUNPATH_SEARCH_PATHS = (
					"$(inherited)",
					"@executable_path/Frameworks",
					"@loader_path/Frameworks",
				);
				PRODUCT_BUNDLE_IDENTIFIER = webdoc.LifeHacksUITests;
				PRODUCT_NAME = "$(TARGET_NAME)";
				SWIFT_VERSION = 5.0;
				TARGETED_DEVICE_FAMILY = "1,2";
				TEST_TARGET_NAME = LifeHacks;
			};
			name = Release;
		};
/* End XCBuildConfiguration section */

/* Begin XCConfigurationList section */
		E058661127083A440066E306 /* Build configuration list for PBXProject "LifeHacks" */ = {
			isa = XCConfigurationList;
			buildConfigurations = (
				E058664127083A470066E306 /* Debug */,
				E058664227083A470066E306 /* Release */,
			);
			defaultConfigurationIsVisible = 0;
			defaultConfigurationName = Release;
		};
		E058664327083A470066E306 /* Build configuration list for PBXNativeTarget "LifeHacks" */ = {
			isa = XCConfigurationList;
			buildConfigurations = (
				E058664427083A470066E306 /* Debug */,
				E058664527083A470066E306 /* Release */,
			);
			defaultConfigurationIsVisible = 0;
			defaultConfigurationName = Release;
		};
		E058664627083A470066E306 /* Build configuration list for PBXNativeTarget "LifeHacksTests" */ = {
			isa = XCConfigurationList;
			buildConfigurations = (
				E058664727083A470066E306 /* Debug */,
				E058664827083A470066E306 /* Release */,
			);
			defaultConfigurationIsVisible = 0;
			defaultConfigurationName = Release;
		};
		E058664927083A470066E306 /* Build configuration list for PBXNativeTarget "LifeHacksUITests" */ = {
			isa = XCConfigurationList;
			buildConfigurations = (
				E058664A27083A470066E306 /* Debug */,
				E058664B27083A470066E306 /* Release */,
			);
			defaultConfigurationIsVisible = 0;
			defaultConfigurationName = Release;
		};
/* End XCConfigurationList section */

/* Begin XCVersionGroup section */
		E058662227083A440066E306 /* LifeHacks.xcdatamodeld */ = {
			isa = XCVersionGroup;
			children = (
				E058662327083A440066E306 /* LifeHacks.xcdatamodel */,
			);
			currentVersion = E058662327083A440066E306 /* LifeHacks.xcdatamodel */;
			path = LifeHacks.xcdatamodeld;
			sourceTree = "<group>";
			versionGroupType = wrapper.xcdatamodel;
		};
/* End XCVersionGroup section */
	};
	rootObject = E058660E27083A440066E306 /* Project object */;
}
